github.com/KamilWlodarczyk2003/go_test_rep_2 v0.0.0-20241026213833-42ac69743c89 h1:4BCZYdEDa3GbYO4Ux7Nqr0eipdHBk19Oc5y2DOMeFiY=
github.com/KamilWlodarczyk2003/go_test_rep_2 v0.0.0-20241026213833-42ac69743c89/go.mod h1:Vv9h4BwKksWcmhUKg4rdcYqkTYL1CYb1KRO4PaMpXL4=
github.com/KamilWlodarczyk2003/go_test_rep_2 v0.0.0-20241026214426-351ace88d538 h1:D8xnamaCNTwiszz+yPSNc1oXHsUnyYt9GybqTR6VqVQ=
github.com/KamilWlodarczyk2003/go_test_rep_2 v0.0.0-20241026214426-351ace88d538/go.mod h1:uPgI++oH9H2uenb/b/UIOLzSbDT4Bz+3QnlwIj/qUkw=
